{
  "nodes": {
    "home-manager": {
      "inputs": {
        "nixpkgs": [
          "nixpkgs"
        ]
      },
      "locked": {
        "lastModified": 1726611255,
        "narHash": "sha256-/bxaYvIK6/d3zqpW26QFS0rqfd0cO4qreSNWvYLTl/w=",
        "owner": "nix-community",
        "repo": "home-manager",
        "rev": "d2493de5cd1da06b6a4c3e97f4e7d5dd791df457",
        "type": "github"
      },
      "original": {
        "owner": "nix-community",
        "repo": "home-manager",
        "type": "github"
      }
    },
    "nixos-hardware": {
      "locked": {
        "lastModified": 1726650330,
        "narHash": "sha256-UbHzmaOQ18O/kCizipU70N0UQVFIfv8AiFKXw07oZ9Y=",
        "owner": "NixOS",
        "repo": "nixos-hardware",
        "rev": "abb448608a56a60075468e90d8acec2a7cb689b1",
        "type": "github"
      },
      "original": {
        "owner": "NixOS",
        "ref": "master",
        "repo": "nixos-hardware",
        "type": "github"
      }
    },
    "nixpkgs": {
      "locked": {
        "lastModified": 1726463316,
        "narHash": "sha256-gI9kkaH0ZjakJOKrdjaI/VbaMEo9qBbSUl93DnU7f4c=",
        "owner": "NixOS",
        "repo": "nixpkgs",
        "rev": "99dc8785f6a0adac95f5e2ab05cc2e1bf666d172",
        "type": "github"
      },
      "original": {
        "owner": "NixOS",
        "ref": "nixos-unstable",
        "repo": "nixpkgs",
        "type": "github"
      }
    },
    "nixpkgs-stable": {
      "locked": {
        "lastModified": 1725762081,
        "narHash": "sha256-vNv+aJUW5/YurRy1ocfvs4q/48yVESwlC/yHzjkZSP8=",
        "owner": "NixOS",
        "repo": "nixpkgs",
        "rev": "dc454045f5b5d814e5862a6d057e7bb5c29edc05",
        "type": "github"
      },
      "original": {
        "owner": "NixOS",
        "ref": "release-24.05",
        "repo": "nixpkgs",
        "type": "github"
      }
    },
    "root": {
      "inputs": {
        "home-manager": "home-manager",
        "nixos-hardware": "nixos-hardware",
        "nixpkgs": "nixpkgs",
        "sops-nix": "sops-nix"
      }
    },
    "sops-nix": {
      "inputs": {
        "nixpkgs": [
          "nixpkgs"
        ],
        "nixpkgs-stable": "nixpkgs-stable"
      },
      "locked": {
        "lastModified": 1726524647,
        "narHash": "sha256-qis6BtOOBBEAfUl7FMHqqTwRLB61OL5OFzIsOmRz2J4=",
        "owner": "Mic92",
        "repo": "sops-nix",
        "rev": "e2d404a7ea599a013189aa42947f66cede0645c8",
        "type": "github"
      },
      "original": {
        "owner": "Mic92",
        "repo": "sops-nix",
        "type": "github"
      }
    }
  },
  "root": "root",
  "version": 7
}
